// !$*UTF8*$!
{
	archiveVersion = 1;
	classes = {
	};
	objectVersion = 50;
	objects = {

/* Begin PBXBuildFile section */
		DC172C85227C22BB00AF7CB4 /* AppDelegate.swift in Sources */ = {isa = PBXBuildFile; fileRef = DC172C84227C22BB00AF7CB4 /* AppDelegate.swift */; };
		DC172C87227C22BB00AF7CB4 /* ViewController.swift in Sources */ = {isa = PBXBuildFile; fileRef = DC172C86227C22BB00AF7CB4 /* ViewController.swift */; };
		DC172C8A227C22BB00AF7CB4 /* Main.storyboard in Resources */ = {isa = PBXBuildFile; fileRef = DC172C88227C22BB00AF7CB4 /* Main.storyboard */; };
		DC172C8D227C22BB00AF7CB4 /* Buy_a_Car.xcdatamodeld in Sources */ = {isa = PBXBuildFile; fileRef = DC172C8B227C22BB00AF7CB4 /* Buy_a_Car.xcdatamodeld */; };
		DC172C8F227C22C100AF7CB4 /* Assets.xcassets in Resources */ = {isa = PBXBuildFile; fileRef = DC172C8E227C22C100AF7CB4 /* Assets.xcassets */; };
		DC172C92227C22C100AF7CB4 /* LaunchScreen.storyboard in Resources */ = {isa = PBXBuildFile; fileRef = DC172C90227C22C100AF7CB4 /* LaunchScreen.storyboard */; };
		DC172C9A227C8E8000AF7CB4 /* CarTableViewCell.swift in Sources */ = {isa = PBXBuildFile; fileRef = DC172C99227C8E8000AF7CB4 /* CarTableViewCell.swift */; };
		DC172C9C227DA19600AF7CB4 /* AddCarViewController.swift in Sources */ = {isa = PBXBuildFile; fileRef = DC172C9B227DA19600AF7CB4 /* AddCarViewController.swift */; };
		DC4457772285ECBF003665D8 /* DetailViewController.swift in Sources */ = {isa = PBXBuildFile; fileRef = DC4457762285ECBF003665D8 /* DetailViewController.swift */; };
		DC445779228970E4003665D8 /* PopoverTableViewController.swift in Sources */ = {isa = PBXBuildFile; fileRef = DC445778228970E4003665D8 /* PopoverTableViewController.swift */; };
/* End PBXBuildFile section */

/* Begin PBXFileReference section */
		DC172C81227C22BB00AF7CB4 /* Buy a Car.app */ = {isa = PBXFileReference; explicitFileType = wrapper.application; includeInIndex = 0; path = "Buy a Car.app"; sourceTree = BUILT_PRODUCTS_DIR; };
		DC172C84227C22BB00AF7CB4 /* AppDelegate.swift */ = {isa = PBXFileReference; lastKnownFileType = sourcecode.swift; path = AppDelegate.swift; sourceTree = "<group>"; };
		DC172C86227C22BB00AF7CB4 /* ViewController.swift */ = {isa = PBXFileReference; lastKnownFileType = sourcecode.swift; path = ViewController.swift; sourceTree = "<group>"; };
		DC172C89227C22BB00AF7CB4 /* Base */ = {isa = PBXFileReference; lastKnownFileType = file.storyboard; name = Base; path = Base.lproj/Main.storyboard; sourceTree = "<group>"; };
		DC172C8C227C22BB00AF7CB4 /* Buy_a_Car.xcdatamodel */ = {isa = PBXFileReference; lastKnownFileType = wrapper.xcdatamodel; path = Buy_a_Car.xcdatamodel; sourceTree = "<group>"; };
		DC172C8E227C22C100AF7CB4 /* Assets.xcassets */ = {isa = PBXFileReference; lastKnownFileType = folder.assetcatalog; path = Assets.xcassets; sourceTree = "<group>"; };
		DC172C91227C22C100AF7CB4 /* Base */ = {isa = PBXFileReference; lastKnownFileType = file.storyboard; name = Base; path = Base.lproj/LaunchScreen.storyboard; sourceTree = "<group>"; };
		DC172C93227C22C100AF7CB4 /* Info.plist */ = {isa = PBXFileReference; lastKnownFileType = text.plist.xml; path = Info.plist; sourceTree = "<group>"; };
		DC172C99227C8E8000AF7CB4 /* CarTableViewCell.swift */ = {isa = PBXFileReference; lastKnownFileType = sourcecode.swift; path = CarTableViewCell.swift; sourceTree = "<group>"; };
		DC172C9B227DA19600AF7CB4 /* AddCarViewController.swift */ = {isa = PBXFileReference; lastKnownFileType = sourcecode.swift; path = AddCarViewController.swift; sourceTree = "<group>"; };
		DC4457762285ECBF003665D8 /* DetailViewController.swift */ = {isa = PBXFileReference; lastKnownFileType = sourcecode.swift; path = DetailViewController.swift; sourceTree = "<group>"; };
		DC445778228970E4003665D8 /* PopoverTableViewController.swift */ = {isa = PBXFileReference; lastKnownFileType = sourcecode.swift; path = PopoverTableViewController.swift; sourceTree = "<group>"; };
/* End PBXFileReference section */

/* Begin PBXFrameworksBuildPhase section */
		DC172C7E227C22BB00AF7CB4 /* Frameworks */ = {
			isa = PBXFrameworksBuildPhase;
			buildActionMask = 2147483647;
			files = (
			);
			runOnlyForDeploymentPostprocessing = 0;
		};
/* End PBXFrameworksBuildPhase section */

/* Begin PBXGroup section */
		DC172C78227C22BB00AF7CB4 = {
			isa = PBXGroup;
			children = (
				DC172C83227C22BB00AF7CB4 /* Buy a Car */,
				DC172C82227C22BB00AF7CB4 /* Products */,
			);
			sourceTree = "<group>";
		};
		DC172C82227C22BB00AF7CB4 /* Products */ = {
			isa = PBXGroup;
			children = (
				DC172C81227C22BB00AF7CB4 /* Buy a Car.app */,
			);
			name = Products;
			sourceTree = "<group>";
		};
		DC172C83227C22BB00AF7CB4 /* Buy a Car */ = {
			isa = PBXGroup;
			children = (
				DC172C84227C22BB00AF7CB4 /* AppDelegate.swift */,
				DC172C86227C22BB00AF7CB4 /* ViewController.swift */,
				DC172C99227C8E8000AF7CB4 /* CarTableViewCell.swift */,
				DC172C9B227DA19600AF7CB4 /* AddCarViewController.swift */,
				DC4457762285ECBF003665D8 /* DetailViewController.swift */,
				DC445778228970E4003665D8 /* PopoverTableViewController.swift */,
				DC172C88227C22BB00AF7CB4 /* Main.storyboard */,
				DC172C8E227C22C100AF7CB4 /* Assets.xcassets */,
				DC172C90227C22C100AF7CB4 /* LaunchScreen.storyboard */,
				DC172C93227C22C100AF7CB4 /* Info.plist */,
				DC172C8B227C22BB00AF7CB4 /* Buy_a_Car.xcdatamodeld */,
			);
			path = "Buy a Car";
			sourceTree = "<group>";
		};
/* End PBXGroup section */

/* Begin PBXNativeTarget section */
		DC172C80227C22BB00AF7CB4 /* Buy a Car */ = {
			isa = PBXNativeTarget;
			buildConfigurationList = DC172C96227C22C100AF7CB4 /* Build configuration list for PBXNativeTarget "Buy a Car" */;
			buildPhases = (
				DC172C7D227C22BB00AF7CB4 /* Sources */,
				DC172C7E227C22BB00AF7CB4 /* Frameworks */,
				DC172C7F227C22BB00AF7CB4 /* Resources */,
			);
			buildRules = (
			);
			dependencies = (
			);
			name = "Buy a Car";
			productName = "Buy a Car";
			productReference = DC172C81227C22BB00AF7CB4 /* Buy a Car.app */;
			productType = "com.apple.product-type.application";
		};
/* End PBXNativeTarget section */

/* Begin PBXProject section */
		DC172C79227C22BB00AF7CB4 /* Project object */ = {
			isa = PBXProject;
			attributes = {
				LastSwiftUpdateCheck = 1010;
				LastUpgradeCheck = 1010;
				ORGANIZATIONNAME = "Buy a Car";
				TargetAttributes = {
					DC172C80227C22BB00AF7CB4 = {
						CreatedOnToolsVersion = 10.1;
					};
				};
			};
			buildConfigurationList = DC172C7C227C22BB00AF7CB4 /* Build configuration list for PBXProject "Buy a Car" */;
			compatibilityVersion = "Xcode 9.3";
			developmentRegion = en;
			hasScannedForEncodings = 0;
			knownRegions = (
				en,
				Base,
			);
			mainGroup = DC172C78227C22BB00AF7CB4;
			productRefGroup = DC172C82227C22BB00AF7CB4 /* Products */;
			projectDirPath = "";
			projectRoot = "";
			targets = (
				DC172C80227C22BB00AF7CB4 /* Buy a Car */,
			);
		};
/* End PBXProject section */

/* Begin PBXResourcesBuildPhase section */
		DC172C7F227C22BB00AF7CB4 /* Resources */ = {
			isa = PBXResourcesBuildPhase;
			buildActionMask = 2147483647;
			files = (
				DC172C92227C22C100AF7CB4 /* LaunchScreen.storyboard in Resources */,
				DC172C8F227C22C100AF7CB4 /* Assets.xcassets in Resources */,
				DC172C8A227C22BB00AF7CB4 /* Main.storyboard in Resources */,
			);
			runOnlyForDeploymentPostprocessing = 0;
		};
/* End PBXResourcesBuildPhase section */

/* Begin PBXSourcesBuildPhase section */
		DC172C7D227C22BB00AF7CB4 /* Sources */ = {
			isa = PBXSourcesBuildPhase;
			buildActionMask = 2147483647;
			files = (
				DC172C8D227C22BB00AF7CB4 /* Buy_a_Car.xcdatamodeld in Sources */,
				DC172C87227C22BB00AF7CB4 /* ViewController.swift in Sources */,
				DC172C9C227DA19600AF7CB4 /* AddCarViewController.swift in Sources */,
				DC4457772285ECBF003665D8 /* DetailViewController.swift in Sources */,
				DC445779228970E4003665D8 /* PopoverTableViewController.swift in Sources */,
				DC172C9A227C8E8000AF7CB4 /* CarTableViewCell.swift in Sources */,
				DC172C85227C22BB00AF7CB4 /* AppDelegate.swift in Sources */,
			);
			runOnlyForDeploymentPostprocessing = 0;
		};
/* End PBXSourcesBuildPhase section */

/* Begin PBXVariantGroup section */
		DC172C88227C22BB00AF7CB4 /* Main.storyboard */ = {
			isa = PBXVariantGroup;
			children = (
				DC172C89227C22BB00AF7CB4 /* Base */,
			);
			name = Main.storyboard;
			sourceTree = "<group>";
		};
		DC172C90227C22C100AF7CB4 /* LaunchScreen.storyboard */ = {
			isa = PBXVariantGroup;
			children = (
				DC172C91227C22C100AF7CB4 /* Base */,
			);
			name = LaunchScreen.storyboard;
			sourceTree = "<group>";
		};
/* End PBXVariantGroup section */

/* Begin XCBuildConfiguration section */
		DC172C94227C22C100AF7CB4 /* Debug */ = {
			isa = XCBuildConfiguration;
			buildSettings = {
				ALWAYS_SEARCH_USER_PATHS = NO;
				CLANG_ANALYZER_NONNULL = YES;
				CLANG_ANALYZER_NUMBER_OBJECT_CONVERSION = YES_AGGRESSIVE;
				CLANG_CXX_LANGUAGE_STANDARD = "gnu++14";
				CLANG_CXX_LIBRARY = "libc++";
				CLANG_ENABLE_MODULES = YES;
				CLANG_ENABLE_OBJC_ARC = YES;
				CLANG_ENABLE_OBJC_WEAK = YES;
				CLANG_WARN_BLOCK_CAPTURE_AUTORELEASING = YES;
				CLANG_WARN_BOOL_CONVERSION = YES;
				CLANG_WARN_COMMA = YES;
				CLANG_WARN_CONSTANT_CONVERSION = YES;
				CLANG_WARN_DEPRECATED_OBJC_IMPLEMENTATIONS = YES;
				CLANG_WARN_DIRECT_OBJC_ISA_USAGE = YES_ERROR;
				CLANG_WARN_DOCUMENTATION_COMMENTS = YES;
				CLANG_WARN_EMPTY_BODY = YES;
				CLANG_WARN_ENUM_CONVERSION = YES;
				CLANG_WARN_INFINITE_RECURSION = YES;
				CLANG_WARN_INT_CONVERSION = YES;
				CLANG_WARN_NON_LITERAL_NULL_CONVERSION = YES;
				CLANG_WARN_OBJC_IMPLICIT_RETAIN_SELF = YES;
				CLANG_WARN_OBJC_LITERAL_CONVERSION = YES;
				CLANG_WARN_OBJC_ROOT_CLASS = YES_ERROR;
				CLANG_WARN_RANGE_LOOP_ANALYSIS = YES;
				CLANG_WARN_STRICT_PROTOTYPES = YES;
				CLANG_WARN_SUSPICIOUS_MOVE = YES;
				CLANG_WARN_UNGUARDED_AVAILABILITY = YES_AGGRESSIVE;
				CLANG_WARN_UNREACHABLE_CODE = YES;
				CLANG_WARN__DUPLICATE_METHOD_MATCH = YES;
				CODE_SIGN_IDENTITY = "iPhone Developer";
				COPY_PHASE_STRIP = NO;
				DEBUG_INFORMATION_FORMAT = dwarf;
				ENABLE_STRICT_OBJC_MSGSEND = YES;
				ENABLE_TESTABILITY = YES;
				GCC_C_LANGUAGE_STANDARD = gnu11;
				GCC_DYNAMIC_NO_PIC = NO;
				GCC_NO_COMMON_BLOCKS = YES;
				GCC_OPTIMIZATION_LEVEL = 0;
				GCC_PREPROCESSOR_DEFINITIONS = (
					"DEBUG=1",
					"$(inherited)",
				);
				GCC_WARN_64_TO_32_BIT_CONVERSION = YES;
				GCC_WARN_ABOUT_RETURN_TYPE = YES_ERROR;
				GCC_WARN_UNDECLARED_SELECTOR = YES;
				GCC_WARN_UNINITIALIZED_AUTOS = YES_AGGRESSIVE;
				GCC_WARN_UNUSED_FUNCTION = YES;
				GCC_WARN_UNUSED_VARIABLE = YES;
				IPHONEOS_DEPLOYMENT_TARGET = 12.1;
				MTL_ENABLE_DEBUG_INFO = INCLUDE_SOURCE;
				MTL_FAST_MATH = YES;
				ONLY_ACTIVE_ARCH = YES;
				SDKROOT = iphoneos;
				SWIFT_ACTIVE_COMPILATION_CONDITIONS = DEBUG;
				SWIFT_OPTIMIZATION_LEVEL = "-Onone";
			};
			name = Debug;
		};
		DC172C95227C22C100AF7CB4 /* Release */ = {
			isa = XCBuildConfiguration;
			buildSettings = {
				ALWAYS_SEARCH_USER_PATHS = NO;
				CLANG_ANALYZER_NONNULL = YES;
				CLANG_ANALYZER_NUMBER_OBJECT_CONVERSION = YES_AGGRESSIVE;
				CLANG_CXX_LANGUAGE_STANDARD = "gnu++14";
				CLANG_CXX_LIBRARY = "libc++";
				CLANG_ENABLE_MODULES = YES;
				CLANG_ENABLE_OBJC_ARC = YES;
				CLANG_ENABLE_OBJC_WEAK = YES;
				CLANG_WARN_BLOCK_CAPTURE_AUTORELEASING = YES;
				CLANG_WARN_BOOL_CONVERSION = YES;
				CLANG_WARN_COMMA = YES;
				CLANG_WARN_CONSTANT_CONVERSION = YES;
				CLANG_WARN_DEPRECATED_OBJC_IMPLEMENTATIONS = YES;
				CLANG_WARN_DIRECT_OBJC_ISA_USAGE = YES_ERROR;
				CLANG_WARN_DOCUMENTATION_COMMENTS = YES;
				CLANG_WARN_EMPTY_BODY = YES;
				CLANG_WARN_ENUM_CONVERSION = YES;
				CLANG_WARN_INFINITE_RECURSION = YES;
				CLANG_WARN_INT_CONVERSION = YES;
				CLANG_WARN_NON_LITERAL_NULL_CONVERSION = YES;
				CLANG_WARN_OBJC_IMPLICIT_RETAIN_SELF = YES;
				CLANG_WARN_OBJC_LITERAL_CONVERSION = YES;
				CLANG_WARN_OBJC_ROOT_CLASS = YES_ERROR;
				CLANG_WARN_RANGE_LOOP_ANALYSIS = YES;
				CLANG_WARN_STRICT_PROTOTYPES = YES;
				CLANG_WARN_SUSPICIOUS_MOVE = YES;
				CLANG_WARN_UNGUARDED_AVAILABILITY = YES_AGGRESSIVE;
				CLANG_WARN_UNREACHABLE_CODE = YES;
				CLANG_WARN__DUPLICATE_METHOD_MATCH = YES;
				CODE_SIGN_IDENTITY = "iPhone Developer";
				COPY_PHASE_STRIP = NO;
				DEBUG_INFORMATION_FORMAT = "dwarf-with-dsym";
				ENABLE_NS_ASSERTIONS = NO;
				ENABLE_STRICT_OBJC_MSGSEND = YES;
				GCC_C_LANGUAGE_STANDARD = gnu11;
				GCC_NO_COMMON_BLOCKS = YES;
				GCC_WARN_64_TO_32_BIT_CONVERSION = YES;
				GCC_WARN_ABOUT_RETURN_TYPE = YES_ERROR;
				GCC_WARN_UNDECLARED_SELECTOR = YES;
				GCC_WARN_UNINITIALIZED_AUTOS = YES_AGGRESSIVE;
				GCC_WARN_UNUSED_FUNCTION = YES;
				GCC_WARN_UNUSED_VARIABLE = YES;
				IPHONEOS_DEPLOYMENT_TARGET = 12.1;
				MTL_ENABLE_DEBUG_INFO = NO;
				MTL_FAST_MATH = YES;
				SDKROOT = iphoneos;
				SWIFT_COMPILATION_MODE = wholemodule;
				SWIFT_OPTIMIZATION_LEVEL = "-O";
				VALIDATE_PRODUCT = YES;
			};
			name = Release;
		};
		DC172C97227C22C100AF7CB4 /* Debug */ = {
			isa = XCBuildConfiguration;
			buildSettings = {
				ASSETCATALOG_COMPILER_APPICON_NAME = AppIcon;
				CODE_SIGN_STYLE = Automatic;
				INFOPLIST_FILE = "Buy a Car/Info.plist";
				LD_RUNPATH_SEARCH_PATHS = (
					"$(inherited)",
					"@executable_path/Frameworks",
				);
				PRODUCT_BUNDLE_IDENTIFIER = "Buy-a-Car.Buy-a-Car";
				PRODUCT_NAME = "$(TARGET_NAME)";
				SWIFT_VERSION = 4.2;
				TARGETED_DEVICE_FAMILY = "1,2";
			};
			name = Debug;
		};
		DC172C98227C22C100AF7CB4 /* Release */ = {
			isa = XCBuildConfiguration;
			buildSettings = {
				ASSETCATALOG_COMPILER_APPICON_NAME = AppIcon;
				CODE_SIGN_STYLE = Automatic;
				INFOPLIST_FILE = "Buy a Car/Info.plist";
				LD_RUNPATH_SEARCH_PATHS = (
					"$(inherited)",
					"@executable_path/Frameworks",
				);
				PRODUCT_BUNDLE_IDENTIFIER = "Buy-a-Car.Buy-a-Car";
				PRODUCT_NAME = "$(TARGET_NAME)";
				SWIFT_VERSION = 4.2;
				TARGETED_DEVICE_FAMILY = "1,2";
			};
			name = Release;
		};
/* End XCBuildConfiguration section */

/* Begin XCConfigurationList section */
		DC172C7C227C22BB00AF7CB4 /* Build configuration list for PBXProject "Buy a Car" */ = {
			isa = XCConfigurationList;
			buildConfigurations = (
				DC172C94227C22C100AF7CB4 /* Debug */,
				DC172C95227C22C100AF7CB4 /* Release */,
			);
			defaultConfigurationIsVisible = 0;
			defaultConfigurationName = Release;
		};
		DC172C96227C22C100AF7CB4 /* Build configuration list for PBXNativeTarget "Buy a Car" */ = {
			isa = XCConfigurationList;
			buildConfigurations = (
				DC172C97227C22C100AF7CB4 /* Debug */,
				DC172C98227C22C100AF7CB4 /* Release */,
			);
			defaultConfigurationIsVisible = 0;
			defaultConfigurationName = Release;
		};
/* End XCConfigurationList section */

/* Begin XCVersionGroup section */
		DC172C8B227C22BB00AF7CB4 /* Buy_a_Car.xcdatamodeld */ = {
			isa = XCVersionGroup;
			children = (
				DC172C8C227C22BB00AF7CB4 /* Buy_a_Car.xcdatamodel */,
			);
			currentVersion = DC172C8C227C22BB00AF7CB4 /* Buy_a_Car.xcdatamodel */;
			path = Buy_a_Car.xcdatamodeld;
			sourceTree = "<group>";
			versionGroupType = wrapper.xcdatamodel;
		};
/* End XCVersionGroup section */
	};
	rootObject = DC172C79227C22BB00AF7CB4 /* Project object */;
}
